
Microsoft Visual Studio Solution File, Format Version 12.00
# Visual Studio Version 17
VisualStudioVersion = 17.13.35919.96 d17.13
MinimumVisualStudioVersion = 10.0.40219.1
Project("{FAE04EC0-301F-11D3-BF4B-00C04F79EFBC}") = "YoTuViLo2", "YoTuViLo2.csproj", "{8783B0E0-17AA-4534-9FF0-65A6615A5483}"
EndProject
Global
	GlobalSection(SolutionConfigurationPlatforms) = preSolution
		Debug|Any CPU = Debug|Any CPU
		Release|Any CPU = Release|Any CPU
	EndGlobalSection
	GlobalSection(ProjectConfigurationPlatforms) = postSolution
		{8783B0E0-17AA-4534-9FF0-65A6615A5483}.Debug|Any CPU.ActiveCfg = Debug|Any CPU
		{8783B0E0-17AA-4534-9FF0-65A6615A5483}.Debug|Any CPU.Build.0 = Debug|Any CPU
		{8783B0E0-17AA-4534-9FF0-65A6615A5483}.Release|Any CPU.ActiveCfg = Release|Any CPU
		{8783B0E0-17AA-4534-9FF0-65A6615A5483}.Release|Any CPU.Build.0 = Release|Any CPU
	EndGlobalSection
	GlobalSection(SolutionProperties) = preSolution
		HideSolutionNode = FALSE
	EndGlobalSection
	GlobalSection(ExtensibilityGlobals) = postSolution
		SolutionGuid = {F6D53C03-108A-486C-8F3F-8C66AC6DF127}
	EndGlobalSection
EndGlobal
